
Microsoft Visual Studio Solution File, Format Version 12.00
# Visual Studio 15
VisualStudioVersion = 15.0.28307.705
MinimumVisualStudioVersion = 10.0.40219.1
Project("{FAE04EC0-301F-11D3-BF4B-00C04F79EFBC}") = "WorkProject", "WorkProject\WorkProject.csproj", "{AC551606-FD16-40EA-9470-14D45D2F0927}"
EndProject
Global
	GlobalSection(SolutionConfigurationPlatforms) = preSolution
		Debug|Any CPU = Debug|Any CPU
		Release|Any CPU = Release|Any CPU
	EndGlobalSection
	GlobalSection(ProjectConfigurationPlatforms) = postSolution
		{AC551606-FD16-40EA-9470-14D45D2F0927}.Debug|Any CPU.ActiveCfg = Debug|Any CPU
		{AC551606-FD16-40EA-9470-14D45D2F0927}.Debug|Any CPU.Build.0 = Debug|Any CPU
		{AC551606-FD16-40EA-9470-14D45D2F0927}.Release|Any CPU.ActiveCfg = Release|Any CPU
		{AC551606-FD16-40EA-9470-14D45D2F0927}.Release|Any CPU.Build.0 = Release|Any CPU
	EndGlobalSection
	GlobalSection(SolutionProperties) = preSolution
		HideSolutionNode = FALSE
	EndGlobalSection
	GlobalSection(ExtensibilityGlobals) = postSolution
		SolutionGuid = {429140AF-252A-4D28-BA2C-1FC1140790A1}
	EndGlobalSection
EndGlobal
